
Microsoft Visual Studio Solution File, Format Version 12.00
# Visual Studio Version 17
VisualStudioVersion = 17.8.34316.72
MinimumVisualStudioVersion = 10.0.40219.1
Project("{8BC9CEB8-8B4A-11D0-8D11-00A0C91BC942}") = "360ConsoleApp", "360ConsoleApp\360ConsoleApp.vcxproj", "{B12A9DD7-815A-4104-9AD8-0ACDB433A8EE}"
EndProject
Global
	GlobalSection(SolutionConfigurationPlatforms) = preSolution
		Debug|x64 = Debug|x64
		Debug|x86 = Debug|x86
		Release|x64 = Release|x64
		Release|x86 = Release|x86
	EndGlobalSection
	GlobalSection(ProjectConfigurationPlatforms) = postSolution
		{B12A9DD7-815A-4104-9AD8-0ACDB433A8EE}.Debug|x64.ActiveCfg = Debug|x64
		{B12A9DD7-815A-4104-9AD8-0ACDB433A8EE}.Debug|x64.Build.0 = Debug|x64
		{B12A9DD7-815A-4104-9AD8-0ACDB433A8EE}.Debug|x86.ActiveCfg = Debug|Win32
		{B12A9DD7-815A-4104-9AD8-0ACDB433A8EE}.Debug|x86.Build.0 = Debug|Win32
		{B12A9DD7-815A-4104-9AD8-0ACDB433A8EE}.Release|x64.ActiveCfg = Release|x64
		{B12A9DD7-815A-4104-9AD8-0ACDB433A8EE}.Release|x64.Build.0 = Release|x64
		{B12A9DD7-815A-4104-9AD8-0ACDB433A8EE}.Release|x86.ActiveCfg = Release|Win32
		{B12A9DD7-815A-4104-9AD8-0ACDB433A8EE}.Release|x86.Build.0 = Release|Win32
	EndGlobalSection
	GlobalSection(SolutionProperties) = preSolution
		HideSolutionNode = FALSE
	EndGlobalSection
	GlobalSection(ExtensibilityGlobals) = postSolution
		SolutionGuid = {745D94D1-11DC-4BE9-B21C-F855A0942915}
	EndGlobalSection
EndGlobal
